
Microsoft Visual Studio Solution File, Format Version 12.00
# Visual Studio Version 17
VisualStudioVersion = 17.2.32630.192
MinimumVisualStudioVersion = 10.0.40219.1
Project("{FAE04EC0-301F-11D3-BF4B-00C04F79EFBC}") = "Laba3 zavd2", "Laba3 zavd2.csproj", "{497D8F16-BADB-4811-B966-F819F8E89410}"
EndProject
Global
	GlobalSection(SolutionConfigurationPlatforms) = preSolution
		Debug|Any CPU = Debug|Any CPU
		Release|Any CPU = Release|Any CPU
	EndGlobalSection
	GlobalSection(ProjectConfigurationPlatforms) = postSolution
		{497D8F16-BADB-4811-B966-F819F8E89410}.Debug|Any CPU.ActiveCfg = Debug|Any CPU
		{497D8F16-BADB-4811-B966-F819F8E89410}.Debug|Any CPU.Build.0 = Debug|Any CPU
		{497D8F16-BADB-4811-B966-F819F8E89410}.Release|Any CPU.ActiveCfg = Release|Any CPU
		{497D8F16-BADB-4811-B966-F819F8E89410}.Release|Any CPU.Build.0 = Release|Any CPU
	EndGlobalSection
	GlobalSection(SolutionProperties) = preSolution
		HideSolutionNode = FALSE
	EndGlobalSection
	GlobalSection(ExtensibilityGlobals) = postSolution
		SolutionGuid = {303DB3B7-1C86-40F1-8555-B6CC52D21A92}
	EndGlobalSection
EndGlobal
